
Microsoft Visual Studio Solution File, Format Version 12.00
# Visual Studio Version 17
VisualStudioVersion = 17.10.34928.147
MinimumVisualStudioVersion = 10.0.40219.1
Project("{FAE04EC0-301F-11D3-BF4B-00C04F79EFBC}") = "BulkMerchantInsertion", "BulkMerchantInsertion\BulkMerchantInsertion.csproj", "{DE45CCDD-A344-4537-BF44-DF9C30A70947}"
EndProject
Global
	GlobalSection(SolutionConfigurationPlatforms) = preSolution
		Debug|Any CPU = Debug|Any CPU
		Release|Any CPU = Release|Any CPU
	EndGlobalSection
	GlobalSection(ProjectConfigurationPlatforms) = postSolution
		{DE45CCDD-A344-4537-BF44-DF9C30A70947}.Debug|Any CPU.ActiveCfg = Debug|Any CPU
		{DE45CCDD-A344-4537-BF44-DF9C30A70947}.Debug|Any CPU.Build.0 = Debug|Any CPU
		{DE45CCDD-A344-4537-BF44-DF9C30A70947}.Release|Any CPU.ActiveCfg = Release|Any CPU
		{DE45CCDD-A344-4537-BF44-DF9C30A70947}.Release|Any CPU.Build.0 = Release|Any CPU
	EndGlobalSection
	GlobalSection(SolutionProperties) = preSolution
		HideSolutionNode = FALSE
	EndGlobalSection
	GlobalSection(ExtensibilityGlobals) = postSolution
		SolutionGuid = {05198995-8674-481A-B45C-21A1C47CA1FD}
	EndGlobalSection
EndGlobal
